// !$*UTF8*$!
{
	archiveVersion = 1;
	classes = {
	};
	objectVersion = 50;
	objects = {

/* Begin PBXBuildFile section */
		0018052F25BA556800BD17CB /* libGLEW.2.2.0.dylib in Frameworks */ = {isa = PBXBuildFile; fileRef = 00E060E225B99EFC00F9AC86 /* libGLEW.2.2.0.dylib */; };
		0018053025BA556800BD17CB /* libGLEW.2.2.0.dylib in Embed Libraries */ = {isa = PBXBuildFile; fileRef = 00E060E225B99EFC00F9AC86 /* libGLEW.2.2.0.dylib */; settings = {ATTRIBUTES = (CodeSignOnCopy, ); }; };
		0099151325BAF84C004DBE96 /* Renderer.cpp in Sources */ = {isa = PBXBuildFile; fileRef = 0099151225BAF84C004DBE96 /* Renderer.cpp */; };
		0099151625BAF921004DBE96 /* VertexBuffer.cpp in Sources */ = {isa = PBXBuildFile; fileRef = 0099151425BAF921004DBE96 /* VertexBuffer.cpp */; };
		0099151925BAFBE1004DBE96 /* IndexBuffer.cpp in Sources */ = {isa = PBXBuildFile; fileRef = 0099151725BAFBE1004DBE96 /* IndexBuffer.cpp */; };
		00E060D625B99DA600F9AC86 /* Application.cpp in Sources */ = {isa = PBXBuildFile; fileRef = 00E060D525B99DA600F9AC86 /* Application.cpp */; };
		00E060DF25B99E6400F9AC86 /* OpenGL.framework in Frameworks */ = {isa = PBXBuildFile; fileRef = 00E060DE25B99E6400F9AC86 /* OpenGL.framework */; };
		00E060E125B99ECD00F9AC86 /* libglfw.3.3.dylib in Frameworks */ = {isa = PBXBuildFile; fileRef = 00E060E025B99ECD00F9AC86 /* libglfw.3.3.dylib */; };
/* End PBXBuildFile section */

/* Begin PBXCopyFilesBuildPhase section */
		0018053125BA556800BD17CB /* Embed Libraries */ = {
			isa = PBXCopyFilesBuildPhase;
			buildActionMask = 2147483647;
			dstPath = "";
			dstSubfolderSpec = 10;
			files = (
				0018053025BA556800BD17CB /* libGLEW.2.2.0.dylib in Embed Libraries */,
			);
			name = "Embed Libraries";
			runOnlyForDeploymentPostprocessing = 0;
		};
		00E060D025B99DA600F9AC86 /* CopyFiles */ = {
			isa = PBXCopyFilesBuildPhase;
			buildActionMask = 2147483647;
			dstPath = /usr/share/man/man1/;
			dstSubfolderSpec = 0;
			files = (
			);
			runOnlyForDeploymentPostprocessing = 1;
		};
/* End PBXCopyFilesBuildPhase section */

/* Begin PBXFileReference section */
		0018052A25BA548C00BD17CB /* libGLEW.a */ = {isa = PBXFileReference; lastKnownFileType = archive.ar; name = libGLEW.a; path = ../../../../../usr/local/Cellar/glew/2.2.0_1/lib/libGLEW.a; sourceTree = "<group>"; };
		0018053425BA92C500BD17CB /* Basic.shader */ = {isa = PBXFileReference; lastKnownFileType = text.xml; path = Basic.shader; sourceTree = "<group>"; };
		0099151125BAF834004DBE96 /* Renderer.h */ = {isa = PBXFileReference; lastKnownFileType = sourcecode.c.h; path = Renderer.h; sourceTree = "<group>"; };
		0099151225BAF84C004DBE96 /* Renderer.cpp */ = {isa = PBXFileReference; lastKnownFileType = sourcecode.cpp.cpp; path = Renderer.cpp; sourceTree = "<group>"; };
		0099151425BAF921004DBE96 /* VertexBuffer.cpp */ = {isa = PBXFileReference; lastKnownFileType = sourcecode.cpp.cpp; path = VertexBuffer.cpp; sourceTree = "<group>"; };
		0099151525BAF921004DBE96 /* VertexBuffer.hpp */ = {isa = PBXFileReference; lastKnownFileType = sourcecode.cpp.h; path = VertexBuffer.hpp; sourceTree = "<group>"; };
		0099151725BAFBE1004DBE96 /* IndexBuffer.cpp */ = {isa = PBXFileReference; lastKnownFileType = sourcecode.cpp.cpp; path = IndexBuffer.cpp; sourceTree = "<group>"; };
		0099151825BAFBE1004DBE96 /* IndexBuffer.hpp */ = {isa = PBXFileReference; lastKnownFileType = sourcecode.cpp.h; path = IndexBuffer.hpp; sourceTree = "<group>"; };
		00E060D225B99DA600F9AC86 /* OpenGLFramework */ = {isa = PBXFileReference; explicitFileType = "compiled.mach-o.executable"; includeInIndex = 0; path = OpenGLFramework; sourceTree = BUILT_PRODUCTS_DIR; };
		00E060D525B99DA600F9AC86 /* Application.cpp */ = {isa = PBXFileReference; lastKnownFileType = sourcecode.cpp.cpp; path = Application.cpp; sourceTree = "<group>"; };
		00E060DE25B99E6400F9AC86 /* OpenGL.framework */ = {isa = PBXFileReference; lastKnownFileType = wrapper.framework; name = OpenGL.framework; path = System/Library/Frameworks/OpenGL.framework; sourceTree = SDKROOT; };
		00E060E025B99ECD00F9AC86 /* libglfw.3.3.dylib */ = {isa = PBXFileReference; lastKnownFileType = "compiled.mach-o.dylib"; name = libglfw.3.3.dylib; path = ../../../../../usr/local/Cellar/glfw/3.3.2/lib/libglfw.3.3.dylib; sourceTree = "<group>"; };
		00E060E225B99EFC00F9AC86 /* libGLEW.2.2.0.dylib */ = {isa = PBXFileReference; lastKnownFileType = "compiled.mach-o.dylib"; name = libGLEW.2.2.0.dylib; path = ../../../../../usr/local/Cellar/glew/2.2.0_1/lib/libGLEW.2.2.0.dylib; sourceTree = "<group>"; };
/* End PBXFileReference section */

/* Begin PBXFrameworksBuildPhase section */
		00E060CF25B99DA600F9AC86 /* Frameworks */ = {
			isa = PBXFrameworksBuildPhase;
			buildActionMask = 2147483647;
			files = (
				00E060E125B99ECD00F9AC86 /* libglfw.3.3.dylib in Frameworks */,
				0018052F25BA556800BD17CB /* libGLEW.2.2.0.dylib in Frameworks */,
				00E060DF25B99E6400F9AC86 /* OpenGL.framework in Frameworks */,
			);
			runOnlyForDeploymentPostprocessing = 0;
		};
/* End PBXFrameworksBuildPhase section */

/* Begin PBXGroup section */
		0018053225BA928700BD17CB /* res */ = {
			isa = PBXGroup;
			children = (
				0018053325BA92A000BD17CB /* shaders */,
			);
			path = res;
			sourceTree = "<group>";
		};
		0018053325BA92A000BD17CB /* shaders */ = {
			isa = PBXGroup;
			children = (
				0018053425BA92C500BD17CB /* Basic.shader */,
			);
			path = shaders;
			sourceTree = "<group>";
		};
		00E060C925B99DA600F9AC86 = {
			isa = PBXGroup;
			children = (
				0018053225BA928700BD17CB /* res */,
				00E060D425B99DA600F9AC86 /* OpenGLFramework */,
				00E060D325B99DA600F9AC86 /* Products */,
				00E060DD25B99E6400F9AC86 /* Frameworks */,
			);
			sourceTree = "<group>";
		};
		00E060D325B99DA600F9AC86 /* Products */ = {
			isa = PBXGroup;
			children = (
				00E060D225B99DA600F9AC86 /* OpenGLFramework */,
			);
			name = Products;
			sourceTree = "<group>";
		};
		00E060D425B99DA600F9AC86 /* OpenGLFramework */ = {
			isa = PBXGroup;
			children = (
				00E060D525B99DA600F9AC86 /* Application.cpp */,
				0099151425BAF921004DBE96 /* VertexBuffer.cpp */,
				0099151525BAF921004DBE96 /* VertexBuffer.hpp */,
				0099151125BAF834004DBE96 /* Renderer.h */,
				0099151725BAFBE1004DBE96 /* IndexBuffer.cpp */,
				0099151825BAFBE1004DBE96 /* IndexBuffer.hpp */,
				0099151225BAF84C004DBE96 /* Renderer.cpp */,
			);
			path = OpenGLFramework;
			sourceTree = "<group>";
		};
		00E060DD25B99E6400F9AC86 /* Frameworks */ = {
			isa = PBXGroup;
			children = (
				0018052A25BA548C00BD17CB /* libGLEW.a */,
				00E060E225B99EFC00F9AC86 /* libGLEW.2.2.0.dylib */,
				00E060E025B99ECD00F9AC86 /* libglfw.3.3.dylib */,
				00E060DE25B99E6400F9AC86 /* OpenGL.framework */,
			);
			name = Frameworks;
			sourceTree = "<group>";
		};
/* End PBXGroup section */

/* Begin PBXNativeTarget section */
		00E060D125B99DA600F9AC86 /* OpenGLFramework */ = {
			isa = PBXNativeTarget;
			buildConfigurationList = 00E060D925B99DA600F9AC86 /* Build configuration list for PBXNativeTarget "OpenGLFramework" */;
			buildPhases = (
				00E060CE25B99DA600F9AC86 /* Sources */,
				00E060CF25B99DA600F9AC86 /* Frameworks */,
				00E060D025B99DA600F9AC86 /* CopyFiles */,
				0018053125BA556800BD17CB /* Embed Libraries */,
			);
			buildRules = (
			);
			dependencies = (
			);
			name = OpenGLFramework;
			productName = OpenGLFramework;
			productReference = 00E060D225B99DA600F9AC86 /* OpenGLFramework */;
			productType = "com.apple.product-type.tool";
		};
/* End PBXNativeTarget section */

/* Begin PBXProject section */
		00E060CA25B99DA600F9AC86 /* Project object */ = {
			isa = PBXProject;
			attributes = {
				LastUpgradeCheck = 1230;
				TargetAttributes = {
					00E060D125B99DA600F9AC86 = {
						CreatedOnToolsVersion = 12.3;
					};
				};
			};
			buildConfigurationList = 00E060CD25B99DA600F9AC86 /* Build configuration list for PBXProject "OpenGLFramework" */;
			compatibilityVersion = "Xcode 9.3";
			developmentRegion = en;
			hasScannedForEncodings = 0;
			knownRegions = (
				en,
				Base,
			);
			mainGroup = 00E060C925B99DA600F9AC86;
			productRefGroup = 00E060D325B99DA600F9AC86 /* Products */;
			projectDirPath = "";
			projectRoot = "";
			targets = (
				00E060D125B99DA600F9AC86 /* OpenGLFramework */,
			);
		};
/* End PBXProject section */

/* Begin PBXSourcesBuildPhase section */
		00E060CE25B99DA600F9AC86 /* Sources */ = {
			isa = PBXSourcesBuildPhase;
			buildActionMask = 2147483647;
			files = (
				0099151325BAF84C004DBE96 /* Renderer.cpp in Sources */,
				00E060D625B99DA600F9AC86 /* Application.cpp in Sources */,
				0099151925BAFBE1004DBE96 /* IndexBuffer.cpp in Sources */,
				0099151625BAF921004DBE96 /* VertexBuffer.cpp in Sources */,
			);
			runOnlyForDeploymentPostprocessing = 0;
		};
/* End PBXSourcesBuildPhase section */

/* Begin XCBuildConfiguration section */
		00E060D725B99DA600F9AC86 /* Debug */ = {
			isa = XCBuildConfiguration;
			buildSettings = {
				ALWAYS_SEARCH_USER_PATHS = NO;
				CLANG_ANALYZER_NONNULL = YES;
				CLANG_ANALYZER_NUMBER_OBJECT_CONVERSION = YES_AGGRESSIVE;
				CLANG_CXX_LANGUAGE_STANDARD = "gnu++14";
				CLANG_CXX_LIBRARY = "libc++";
				CLANG_ENABLE_MODULES = YES;
				CLANG_ENABLE_OBJC_ARC = YES;
				CLANG_ENABLE_OBJC_WEAK = YES;
				CLANG_WARN_BLOCK_CAPTURE_AUTORELEASING = YES;
				CLANG_WARN_BOOL_CONVERSION = YES;
				CLANG_WARN_COMMA = YES;
				CLANG_WARN_CONSTANT_CONVERSION = YES;
				CLANG_WARN_DEPRECATED_OBJC_IMPLEMENTATIONS = YES;
				CLANG_WARN_DIRECT_OBJC_ISA_USAGE = YES_ERROR;
				CLANG_WARN_DOCUMENTATION_COMMENTS = YES;
				CLANG_WARN_EMPTY_BODY = YES;
				CLANG_WARN_ENUM_CONVERSION = YES;
				CLANG_WARN_INFINITE_RECURSION = YES;
				CLANG_WARN_INT_CONVERSION = YES;
				CLANG_WARN_NON_LITERAL_NULL_CONVERSION = YES;
				CLANG_WARN_OBJC_IMPLICIT_RETAIN_SELF = YES;
				CLANG_WARN_OBJC_LITERAL_CONVERSION = YES;
				CLANG_WARN_OBJC_ROOT_CLASS = YES_ERROR;
				CLANG_WARN_QUOTED_INCLUDE_IN_FRAMEWORK_HEADER = YES;
				CLANG_WARN_RANGE_LOOP_ANALYSIS = YES;
				CLANG_WARN_STRICT_PROTOTYPES = YES;
				CLANG_WARN_SUSPICIOUS_MOVE = YES;
				CLANG_WARN_UNGUARDED_AVAILABILITY = YES_AGGRESSIVE;
				CLANG_WARN_UNREACHABLE_CODE = YES;
				CLANG_WARN__DUPLICATE_METHOD_MATCH = YES;
				COPY_PHASE_STRIP = NO;
				DEBUG_INFORMATION_FORMAT = dwarf;
				ENABLE_STRICT_OBJC_MSGSEND = YES;
				ENABLE_TESTABILITY = YES;
				GCC_C_LANGUAGE_STANDARD = gnu11;
				GCC_DYNAMIC_NO_PIC = NO;
				GCC_NO_COMMON_BLOCKS = YES;
				GCC_OPTIMIZATION_LEVEL = 0;
				GCC_PREPROCESSOR_DEFINITIONS = (
					"DEBUG=1",
					"$(inherited)",
				);
				GCC_WARN_64_TO_32_BIT_CONVERSION = YES;
				GCC_WARN_ABOUT_RETURN_TYPE = YES_ERROR;
				GCC_WARN_UNDECLARED_SELECTOR = YES;
				GCC_WARN_UNINITIALIZED_AUTOS = YES_AGGRESSIVE;
				GCC_WARN_UNUSED_FUNCTION = YES;
				GCC_WARN_UNUSED_VARIABLE = YES;
				HEADER_SEARCH_PATHS = /usr/local/include;
				MACOSX_DEPLOYMENT_TARGET = 11.1;
				MTL_ENABLE_DEBUG_INFO = INCLUDE_SOURCE;
				MTL_FAST_MATH = YES;
				ONLY_ACTIVE_ARCH = YES;
				SDKROOT = macosx;
			};
			name = Debug;
		};
		00E060D825B99DA600F9AC86 /* Release */ = {
			isa = XCBuildConfiguration;
			buildSettings = {
				ALWAYS_SEARCH_USER_PATHS = NO;
				CLANG_ANALYZER_NONNULL = YES;
				CLANG_ANALYZER_NUMBER_OBJECT_CONVERSION = YES_AGGRESSIVE;
				CLANG_CXX_LANGUAGE_STANDARD = "gnu++14";
				CLANG_CXX_LIBRARY = "libc++";
				CLANG_ENABLE_MODULES = YES;
				CLANG_ENABLE_OBJC_ARC = YES;
				CLANG_ENABLE_OBJC_WEAK = YES;
				CLANG_WARN_BLOCK_CAPTURE_AUTORELEASING = YES;
				CLANG_WARN_BOOL_CONVERSION = YES;
				CLANG_WARN_COMMA = YES;
				CLANG_WARN_CONSTANT_CONVERSION = YES;
				CLANG_WARN_DEPRECATED_OBJC_IMPLEMENTATIONS = YES;
				CLANG_WARN_DIRECT_OBJC_ISA_USAGE = YES_ERROR;
				CLANG_WARN_DOCUMENTATION_COMMENTS = YES;
				CLANG_WARN_EMPTY_BODY = YES;
				CLANG_WARN_ENUM_CONVERSION = YES;
				CLANG_WARN_INFINITE_RECURSION = YES;
				CLANG_WARN_INT_CONVERSION = YES;
				CLANG_WARN_NON_LITERAL_NULL_CONVERSION = YES;
				CLANG_WARN_OBJC_IMPLICIT_RETAIN_SELF = YES;
				CLANG_WARN_OBJC_LITERAL_CONVERSION = YES;
				CLANG_WARN_OBJC_ROOT_CLASS = YES_ERROR;
				CLANG_WARN_QUOTED_INCLUDE_IN_FRAMEWORK_HEADER = YES;
				CLANG_WARN_RANGE_LOOP_ANALYSIS = YES;
				CLANG_WARN_STRICT_PROTOTYPES = YES;
				CLANG_WARN_SUSPICIOUS_MOVE = YES;
				CLANG_WARN_UNGUARDED_AVAILABILITY = YES_AGGRESSIVE;
				CLANG_WARN_UNREACHABLE_CODE = YES;
				CLANG_WARN__DUPLICATE_METHOD_MATCH = YES;
				COPY_PHASE_STRIP = NO;
				DEBUG_INFORMATION_FORMAT = "dwarf-with-dsym";
				ENABLE_NS_ASSERTIONS = NO;
				ENABLE_STRICT_OBJC_MSGSEND = YES;
				GCC_C_LANGUAGE_STANDARD = gnu11;
				GCC_NO_COMMON_BLOCKS = YES;
				GCC_WARN_64_TO_32_BIT_CONVERSION = YES;
				GCC_WARN_ABOUT_RETURN_TYPE = YES_ERROR;
				GCC_WARN_UNDECLARED_SELECTOR = YES;
				GCC_WARN_UNINITIALIZED_AUTOS = YES_AGGRESSIVE;
				GCC_WARN_UNUSED_FUNCTION = YES;
				GCC_WARN_UNUSED_VARIABLE = YES;
				HEADER_SEARCH_PATHS = /usr/local/include;
				MACOSX_DEPLOYMENT_TARGET = 11.1;
				MTL_ENABLE_DEBUG_INFO = NO;
				MTL_FAST_MATH = YES;
				SDKROOT = macosx;
			};
			name = Release;
		};
		00E060DA25B99DA600F9AC86 /* Debug */ = {
			isa = XCBuildConfiguration;
			buildSettings = {
				CODE_SIGN_ENTITLEMENTS = "";
				CODE_SIGN_STYLE = Automatic;
				DEVELOPMENT_TEAM = QH7853B55W;
				ENABLE_HARDENED_RUNTIME = NO;
				HEADER_SEARCH_PATHS = /usr/local/include;
				LIBRARY_SEARCH_PATHS = (
					"$(inherited)",
					/usr/local/Cellar/glfw/3.3.2/lib,
					/usr/local/Cellar/glew/2.2.0_1/lib,
				);
				PRODUCT_NAME = "$(TARGET_NAME)";
			};
			name = Debug;
		};
		00E060DB25B99DA600F9AC86 /* Release */ = {
			isa = XCBuildConfiguration;
			buildSettings = {
				CODE_SIGN_ENTITLEMENTS = "";
				CODE_SIGN_STYLE = Automatic;
				DEVELOPMENT_TEAM = QH7853B55W;
				ENABLE_HARDENED_RUNTIME = NO;
				HEADER_SEARCH_PATHS = /usr/local/include;
				LIBRARY_SEARCH_PATHS = (
					"$(inherited)",
					/usr/local/Cellar/glfw/3.3.2/lib,
					/usr/local/Cellar/glew/2.2.0_1/lib,
				);
				PRODUCT_NAME = "$(TARGET_NAME)";
			};
			name = Release;
		};
/* End XCBuildConfiguration section */

/* Begin XCConfigurationList section */
		00E060CD25B99DA600F9AC86 /* Build configuration list for PBXProject "OpenGLFramework" */ = {
			isa = XCConfigurationList;
			buildConfigurations = (
				00E060D725B99DA600F9AC86 /* Debug */,
				00E060D825B99DA600F9AC86 /* Release */,
			);
			defaultConfigurationIsVisible = 0;
			defaultConfigurationName = Release;
		};
		00E060D925B99DA600F9AC86 /* Build configuration list for PBXNativeTarget "OpenGLFramework" */ = {
			isa = XCConfigurationList;
			buildConfigurations = (
				00E060DA25B99DA600F9AC86 /* Debug */,
				00E060DB25B99DA600F9AC86 /* Release */,
			);
			defaultConfigurationIsVisible = 0;
			defaultConfigurationName = Release;
		};
/* End XCConfigurationList section */
	};
	rootObject = 00E060CA25B99DA600F9AC86 /* Project object */;
}
